
Microsoft Visual Studio Solution File, Format Version 12.00
# Visual Studio 15
VisualStudioVersion = 15.0.26430.12
MinimumVisualStudioVersion = 10.0.40219.1
Project("{FAE04EC0-301F-11D3-BF4B-00C04F79EFBC}") = "PlanetProject.Web", "PlanetProject.Web\PlanetProject.Web.csproj", "{8C54277C-1A4A-4A65-81A9-36B5398582D6}"
EndProject
Project("{FAE04EC0-301F-11D3-BF4B-00C04F79EFBC}") = "PlanetProject.Core", "PlanetProject.Core\PlanetProject.Core.csproj", "{1EFAC4AD-9AEC-4E99-9953-AFA1A13E42AC}"
EndProject
Project("{2150E333-8FDC-42A3-9474-1A3956D46DE8}") = "Tests", "Tests", "{54F2F5AA-981A-42E6-8BAF-935DCFA77F1E}"
EndProject
Project("{FAE04EC0-301F-11D3-BF4B-00C04F79EFBC}") = "PlanetProject.Core.Tests", "PlanetProject.Core.Tests\PlanetProject.Core.Tests.csproj", "{D2380EC6-05C0-48FC-A8D7-730A32713FDF}"
EndProject
Project("{FAE04EC0-301F-11D3-BF4B-00C04F79EFBC}") = "PlanetProject.Data", "PlanetProject.Data\PlanetProject.Data.csproj", "{588E251E-E824-49EB-BCE1-8159874B86C0}"
EndProject
Project("{FAE04EC0-301F-11D3-BF4B-00C04F79EFBC}") = "PlanetProject.Web.Tests", "PlanetProject.Web.Tests\PlanetProject.Web.Tests.csproj", "{DF0C71D8-7435-4BA8-9912-B864B8D39982}"
EndProject
Global
	GlobalSection(SolutionConfigurationPlatforms) = preSolution
		Debug|Any CPU = Debug|Any CPU
		Release|Any CPU = Release|Any CPU
	EndGlobalSection
	GlobalSection(ProjectConfigurationPlatforms) = postSolution
		{8C54277C-1A4A-4A65-81A9-36B5398582D6}.Debug|Any CPU.ActiveCfg = Debug|Any CPU
		{8C54277C-1A4A-4A65-81A9-36B5398582D6}.Debug|Any CPU.Build.0 = Debug|Any CPU
		{8C54277C-1A4A-4A65-81A9-36B5398582D6}.Release|Any CPU.ActiveCfg = Release|Any CPU
		{8C54277C-1A4A-4A65-81A9-36B5398582D6}.Release|Any CPU.Build.0 = Release|Any CPU
		{1EFAC4AD-9AEC-4E99-9953-AFA1A13E42AC}.Debug|Any CPU.ActiveCfg = Debug|Any CPU
		{1EFAC4AD-9AEC-4E99-9953-AFA1A13E42AC}.Debug|Any CPU.Build.0 = Debug|Any CPU
		{1EFAC4AD-9AEC-4E99-9953-AFA1A13E42AC}.Release|Any CPU.ActiveCfg = Release|Any CPU
		{1EFAC4AD-9AEC-4E99-9953-AFA1A13E42AC}.Release|Any CPU.Build.0 = Release|Any CPU
		{D2380EC6-05C0-48FC-A8D7-730A32713FDF}.Debug|Any CPU.ActiveCfg = Debug|Any CPU
		{D2380EC6-05C0-48FC-A8D7-730A32713FDF}.Debug|Any CPU.Build.0 = Debug|Any CPU
		{D2380EC6-05C0-48FC-A8D7-730A32713FDF}.Release|Any CPU.ActiveCfg = Release|Any CPU
		{D2380EC6-05C0-48FC-A8D7-730A32713FDF}.Release|Any CPU.Build.0 = Release|Any CPU
		{588E251E-E824-49EB-BCE1-8159874B86C0}.Debug|Any CPU.ActiveCfg = Debug|Any CPU
		{588E251E-E824-49EB-BCE1-8159874B86C0}.Debug|Any CPU.Build.0 = Debug|Any CPU
		{588E251E-E824-49EB-BCE1-8159874B86C0}.Release|Any CPU.ActiveCfg = Release|Any CPU
		{588E251E-E824-49EB-BCE1-8159874B86C0}.Release|Any CPU.Build.0 = Release|Any CPU
		{DF0C71D8-7435-4BA8-9912-B864B8D39982}.Debug|Any CPU.ActiveCfg = Debug|Any CPU
		{DF0C71D8-7435-4BA8-9912-B864B8D39982}.Debug|Any CPU.Build.0 = Debug|Any CPU
		{DF0C71D8-7435-4BA8-9912-B864B8D39982}.Release|Any CPU.ActiveCfg = Release|Any CPU
		{DF0C71D8-7435-4BA8-9912-B864B8D39982}.Release|Any CPU.Build.0 = Release|Any CPU
	EndGlobalSection
	GlobalSection(SolutionProperties) = preSolution
		HideSolutionNode = FALSE
	EndGlobalSection
	GlobalSection(NestedProjects) = preSolution
		{D2380EC6-05C0-48FC-A8D7-730A32713FDF} = {54F2F5AA-981A-42E6-8BAF-935DCFA77F1E}
		{DF0C71D8-7435-4BA8-9912-B864B8D39982} = {54F2F5AA-981A-42E6-8BAF-935DCFA77F1E}
	EndGlobalSection
EndGlobal
